
Microsoft Visual Studio Solution File, Format Version 12.00
# Visual Studio Version 16
VisualStudioVersion = 16.0.28922.388
MinimumVisualStudioVersion = 10.0.40219.1
Project("{FAE04EC0-301F-11D3-BF4B-00C04F79EFBC}") = "Mercator", "Mercator\Mercator.csproj", "{92F33B67-1B07-4A6B-8915-58F100E1FF40}"
EndProject
Project("{FAE04EC0-301F-11D3-BF4B-00C04F79EFBC}") = "Mercator.Demo", "Mercator.Demo\Mercator.Demo.csproj", "{50A1696E-8756-4423-94E2-19E6336C2452}"
EndProject
Global
	GlobalSection(SolutionConfigurationPlatforms) = preSolution
		Debug|Any CPU = Debug|Any CPU
		Release|Any CPU = Release|Any CPU
	EndGlobalSection
	GlobalSection(ProjectConfigurationPlatforms) = postSolution
		{92F33B67-1B07-4A6B-8915-58F100E1FF40}.Debug|Any CPU.ActiveCfg = Debug|Any CPU
		{92F33B67-1B07-4A6B-8915-58F100E1FF40}.Debug|Any CPU.Build.0 = Debug|Any CPU
		{92F33B67-1B07-4A6B-8915-58F100E1FF40}.Release|Any CPU.ActiveCfg = Release|Any CPU
		{92F33B67-1B07-4A6B-8915-58F100E1FF40}.Release|Any CPU.Build.0 = Release|Any CPU
		{50A1696E-8756-4423-94E2-19E6336C2452}.Debug|Any CPU.ActiveCfg = Debug|Any CPU
		{50A1696E-8756-4423-94E2-19E6336C2452}.Debug|Any CPU.Build.0 = Debug|Any CPU
		{50A1696E-8756-4423-94E2-19E6336C2452}.Release|Any CPU.ActiveCfg = Release|Any CPU
		{50A1696E-8756-4423-94E2-19E6336C2452}.Release|Any CPU.Build.0 = Release|Any CPU
	EndGlobalSection
	GlobalSection(SolutionProperties) = preSolution
		HideSolutionNode = FALSE
	EndGlobalSection
	GlobalSection(ExtensibilityGlobals) = postSolution
		SolutionGuid = {EBA8DB44-A16E-4C6A-9BB0-54C7520C6279}
	EndGlobalSection
EndGlobal
